
Microsoft Visual Studio Solution File, Format Version 12.00
# Visual Studio 15
VisualStudioVersion = 15.0.27130.2003
MinimumVisualStudioVersion = 10.0.40219.1
Project("{FAE04EC0-301F-11D3-BF4B-00C04F79EFBC}") = "EDSProj", "EDSProj\EDSProj.csproj", "{794EC6DF-678B-48AA-9071-967725EA2B64}"
EndProject
Project("{FAE04EC0-301F-11D3-BF4B-00C04F79EFBC}") = "EDSApp", "EDSApp\EDSApp.csproj", "{E3058870-483D-40FC-BD94-7CE4B31D2D20}"
EndProject
Project("{FAE04EC0-301F-11D3-BF4B-00C04F79EFBC}") = "EDSPBR", "EDSCnsl\EDSPBR.csproj", "{84881EE6-953B-4A95-B693-232811FCE167}"
EndProject
Project("{888888A0-9F3D-457C-B088-3A5042F75D52}") = "EDSPython", "EDSPython\EDSPython.pyproj", "{6E852A36-84AE-43AF-A5CD-095CBAA9D01C}"
EndProject
Project("{FAE04EC0-301F-11D3-BF4B-00C04F79EFBC}") = "AISImport", "AISImport\AISImport.csproj", "{67CAC7AA-20DE-4940-82B4-4E9D24561EEB}"
EndProject
Project("{FAE04EC0-301F-11D3-BF4B-00C04F79EFBC}") = "TestCNSL", "TestCNSL\TestCNSL.csproj", "{40C058FF-81CF-47F5-8419-EE156439BF13}"
EndProject
Project("{FAE04EC0-301F-11D3-BF4B-00C04F79EFBC}") = "Diagnostics", "Diagnostics\Diagnostics.csproj", "{BC024A71-D953-4249-9AB9-283A542E1062}"
EndProject
Project("{888888A0-9F3D-457C-B088-3A5042F75D52}") = "EDSWebPython", "EDSWebPython\EDSWebPython.pyproj", "{62C06DF8-0E7E-4D74-8687-B7DC993C7E13}"
EndProject
Project("{FAE04EC0-301F-11D3-BF4B-00C04F79EFBC}") = "NPRCHApp", "NPRCHApp\NPRCHApp.csproj", "{262032CD-B638-4B7F-81DD-C2966F030F01}"
EndProject
Project("{FAE04EC0-301F-11D3-BF4B-00C04F79EFBC}") = "ZedControl", "ZedControl\ZedControl.csproj", "{A213899F-FC30-4501-B606-E82925794E67}"
EndProject
Global
	GlobalSection(SolutionConfigurationPlatforms) = preSolution
		Debug|Any CPU = Debug|Any CPU
		Release|Any CPU = Release|Any CPU
	EndGlobalSection
	GlobalSection(ProjectConfigurationPlatforms) = postSolution
		{794EC6DF-678B-48AA-9071-967725EA2B64}.Debug|Any CPU.ActiveCfg = Debug|Any CPU
		{794EC6DF-678B-48AA-9071-967725EA2B64}.Debug|Any CPU.Build.0 = Debug|Any CPU
		{794EC6DF-678B-48AA-9071-967725EA2B64}.Release|Any CPU.ActiveCfg = Release|Any CPU
		{794EC6DF-678B-48AA-9071-967725EA2B64}.Release|Any CPU.Build.0 = Release|Any CPU
		{E3058870-483D-40FC-BD94-7CE4B31D2D20}.Debug|Any CPU.ActiveCfg = Debug|Any CPU
		{E3058870-483D-40FC-BD94-7CE4B31D2D20}.Debug|Any CPU.Build.0 = Debug|Any CPU
		{E3058870-483D-40FC-BD94-7CE4B31D2D20}.Release|Any CPU.ActiveCfg = Release|Any CPU
		{E3058870-483D-40FC-BD94-7CE4B31D2D20}.Release|Any CPU.Build.0 = Release|Any CPU
		{84881EE6-953B-4A95-B693-232811FCE167}.Debug|Any CPU.ActiveCfg = Debug|Any CPU
		{84881EE6-953B-4A95-B693-232811FCE167}.Debug|Any CPU.Build.0 = Debug|Any CPU
		{84881EE6-953B-4A95-B693-232811FCE167}.Release|Any CPU.ActiveCfg = Release|Any CPU
		{84881EE6-953B-4A95-B693-232811FCE167}.Release|Any CPU.Build.0 = Release|Any CPU
		{6E852A36-84AE-43AF-A5CD-095CBAA9D01C}.Debug|Any CPU.ActiveCfg = Debug|Any CPU
		{6E852A36-84AE-43AF-A5CD-095CBAA9D01C}.Release|Any CPU.ActiveCfg = Release|Any CPU
		{67CAC7AA-20DE-4940-82B4-4E9D24561EEB}.Debug|Any CPU.ActiveCfg = Debug|Any CPU
		{67CAC7AA-20DE-4940-82B4-4E9D24561EEB}.Debug|Any CPU.Build.0 = Debug|Any CPU
		{67CAC7AA-20DE-4940-82B4-4E9D24561EEB}.Release|Any CPU.ActiveCfg = Release|Any CPU
		{67CAC7AA-20DE-4940-82B4-4E9D24561EEB}.Release|Any CPU.Build.0 = Release|Any CPU
		{40C058FF-81CF-47F5-8419-EE156439BF13}.Debug|Any CPU.ActiveCfg = Debug|Any CPU
		{40C058FF-81CF-47F5-8419-EE156439BF13}.Debug|Any CPU.Build.0 = Debug|Any CPU
		{40C058FF-81CF-47F5-8419-EE156439BF13}.Release|Any CPU.ActiveCfg = Release|Any CPU
		{40C058FF-81CF-47F5-8419-EE156439BF13}.Release|Any CPU.Build.0 = Release|Any CPU
		{BC024A71-D953-4249-9AB9-283A542E1062}.Debug|Any CPU.ActiveCfg = Debug|Any CPU
		{BC024A71-D953-4249-9AB9-283A542E1062}.Debug|Any CPU.Build.0 = Debug|Any CPU
		{BC024A71-D953-4249-9AB9-283A542E1062}.Release|Any CPU.ActiveCfg = Release|Any CPU
		{BC024A71-D953-4249-9AB9-283A542E1062}.Release|Any CPU.Build.0 = Release|Any CPU
		{62C06DF8-0E7E-4D74-8687-B7DC993C7E13}.Debug|Any CPU.ActiveCfg = Debug|Any CPU
		{62C06DF8-0E7E-4D74-8687-B7DC993C7E13}.Release|Any CPU.ActiveCfg = Release|Any CPU
		{262032CD-B638-4B7F-81DD-C2966F030F01}.Debug|Any CPU.ActiveCfg = Debug|Any CPU
		{262032CD-B638-4B7F-81DD-C2966F030F01}.Debug|Any CPU.Build.0 = Debug|Any CPU
		{262032CD-B638-4B7F-81DD-C2966F030F01}.Release|Any CPU.ActiveCfg = Release|Any CPU
		{262032CD-B638-4B7F-81DD-C2966F030F01}.Release|Any CPU.Build.0 = Release|Any CPU
		{A213899F-FC30-4501-B606-E82925794E67}.Debug|Any CPU.ActiveCfg = Debug|Any CPU
		{A213899F-FC30-4501-B606-E82925794E67}.Debug|Any CPU.Build.0 = Debug|Any CPU
		{A213899F-FC30-4501-B606-E82925794E67}.Release|Any CPU.ActiveCfg = Release|Any CPU
		{A213899F-FC30-4501-B606-E82925794E67}.Release|Any CPU.Build.0 = Release|Any CPU
	EndGlobalSection
	GlobalSection(SolutionProperties) = preSolution
		HideSolutionNode = FALSE
	EndGlobalSection
	GlobalSection(ExtensibilityGlobals) = postSolution
		SolutionGuid = {6A083D0F-DA9C-4469-B600-8AC90E27D0CF}
	EndGlobalSection
EndGlobal
